<?xml version="1.0" encoding="utf-8"?>
<Project ToolsVersion="4.0" xmlns="http://schemas.microsoft.com/developer/msbuild/2003">
  <ItemGroup>
    <Filter Include="ソース ファイル">
      <UniqueIdentifier>{4FC737F1-C7A5-4376-A066-2A32D752A2FF}</UniqueIdentifier>
      <Extensions>cpp;c;cc;cxx;c++;cppm;ixx;def;odl;idl;hpj;bat;asm;asmx</Extensions>
    </Filter>
    <Filter Include="ソース ファイル\Problems">
      <UniqueIdentifier>{c91adaf7-6dd0-4263-ad5d-66eeeafc1830}</UniqueIdentifier>
    </Filter>
  </ItemGroup>
  <ItemGroup>
    <ClCompile Include="AtCoder.cpp">
      <Filter>ソース ファイル</Filter>
    </ClCompile>
    <ClCompile Include="DummyInput.cpp">
      <Filter>ソース ファイル</Filter>
    </ClCompile>
  </ItemGroup>
  <ItemGroup>
    <ClInclude Include="Lib.h">
      <Filter>ソース ファイル</Filter>
    </ClInclude>
    <ClInclude Include="DummyInput.h">
      <Filter>ソース ファイル</Filter>
    </ClInclude>
    <ClInclude Include="Problems\ABC426.h">
      <Filter>ソース ファイル\Problems</Filter>
    </ClInclude>
  </ItemGroup>
</Project>